{
    "_readme": [
        "This file locks the dependencies of your project to a known state",
        "Read more about it at https://getcomposer.org/doc/01-basic-usage.md#installing-dependencies",
        "This file is @generated automatically"
    ],
    "content-hash": "daa446f95bbdf9e38724d12d020d1cd4",
    "packages": [
        {
            "name": "clue/stream-filter",
            "version": "v1.4.1",
            "source": {
                "type": "git",
                "url": "https://github.com/clue/php-stream-filter.git",
                "reference": "5a58cc30a8bd6a4eb8f856adf61dd3e013f53f71"
            },
            "dist": {
                "type": "zip",
                "url": "https://api.github.com/repos/clue/php-stream-filter/zipball/5a58cc30a8bd6a4eb8f856adf61dd3e013f53f71",
                "reference": "5a58cc30a8bd6a4eb8f856adf61dd3e013f53f71",
                "shasum": ""
            },
            "require": {
                "php": ">=5.3"
            },
            "require-dev": {
                "phpunit/phpunit": "^5.0 || ^4.8"
            },
            "type": "library",
            "autoload": {
                "psr-4": {
                    "Clue\\StreamFilter\\": "src/"
                },
                "files": [
                    "src/functions_include.php"
                ]
            },
            "notification-url": "https://packagist.org/downloads/",
            "license": [
                "MIT"
            ],
            "authors": [
                {
                    "name": "Christian Lück",
                    "email": "christian@lueck.tv"
                }
            ],
            "description": "A simple and modern approach to stream filtering in PHP",
            "homepage": "https://github.com/clue/php-stream-filter",
            "keywords": [
                "bucket brigade",
                "callback",
                "filter",
                "php_user_filter",
                "stream",
                "stream_filter_append",
                "stream_filter_register"
            ],
            "time": "2019-04-09T12:31:48+00:00"
        },
        {
            "name": "jwage/changelog-generator",
            "version": "1.2.0",
            "source": {
                "type": "git",
                "url": "https://github.com/jwage/changelog-generator.git",
                "reference": "5897452c312466211ea7de6f000f279ed62e557b"
            },
            "dist": {
                "type": "zip",
                "url": "https://api.github.com/repos/jwage/changelog-generator/zipball/5897452c312466211ea7de6f000f279ed62e557b",
                "reference": "5897452c312466211ea7de6f000f279ed62e557b",
                "shasum": ""
            },
            "require": {
                "ext-mbstring": "*",
                "ocramius/package-versions": "^1.3",
                "php": "^7.2",
                "php-http/curl-client": "^2.0",
                "php-http/discovery": "^1.6",
                "php-http/httplug": "^2.0",
                "psr/http-client": "^1.0",
                "psr/http-factory": "^1.0",
                "psr/http-message": "^1.0",
                "symfony/console": "^4.0",
                "zendframework/zend-diactoros": "^2.1"
            },
            "require-dev": {
                "doctrine/coding-standard": "^5.0",
                "phpstan/phpstan": "^0.11.5",
                "phpstan/phpstan-deprecation-rules": "^0.11.0",
                "phpstan/phpstan-phpunit": "^0.11.0",
                "phpstan/phpstan-strict-rules": "^0.11.0",
                "phpunit/phpunit": "^7.0"
            },
            "bin": [
                "bin/changelog-generator"
            ],
            "type": "library",
            "extra": {
                "branch-alias": {
                    "dev-master": "1.0.x-dev"
                }
            },
            "autoload": {
                "psr-4": {
                    "ChangelogGenerator\\": "src/ChangelogGenerator"
                }
            },
            "notification-url": "https://packagist.org/downloads/",
            "license": [
                "MIT"
            ],
            "authors": [
                {
                    "name": "Jonathan Wage",
                    "email": "jonwage@gmail.com"
                }
            ],
            "description": "Generate a markdown changelog document from a GitHub milestone.",
            "homepage": "https://www.jwage.com",
            "keywords": [
                "changelog",
                "github"
            ],
            "time": "2019-04-25T00:14:05+00:00"
        },
        {
            "name": "ocramius/package-versions",
            "version": "1.8.0",
            "source": {
                "type": "git",
                "url": "https://github.com/Ocramius/PackageVersions.git",
                "reference": "421679846270a5772534828013a93be709fb13df"
            },
            "dist": {
                "type": "zip",
                "url": "https://api.github.com/repos/Ocramius/PackageVersions/zipball/421679846270a5772534828013a93be709fb13df",
                "reference": "421679846270a5772534828013a93be709fb13df",
                "shasum": ""
            },
            "require": {
                "composer-plugin-api": "^1.1.0 || ^2.0",
                "php": "^7.4.0"
            },
            "require-dev": {
                "composer/composer": "^1.9.3 || ^2.0@dev",
                "doctrine/coding-standard": "^7.0.2",
                "ext-zip": "^1.15.0",
                "infection/infection": "^0.15.3",
                "phpunit/phpunit": "^9.0.1",
                "vimeo/psalm": "^3.9.3"
            },
            "type": "composer-plugin",
            "extra": {
                "class": "PackageVersions\\Installer",
                "branch-alias": {
                    "dev-master": "1.99.x-dev"
                }
            },
            "autoload": {
                "psr-4": {
                    "PackageVersions\\": "src/PackageVersions"
                }
            },
            "notification-url": "https://packagist.org/downloads/",
            "license": [
                "MIT"
            ],
            "authors": [
                {
                    "name": "Marco Pivetta",
                    "email": "ocramius@gmail.com"
                }
            ],
            "description": "Composer plugin that provides efficient querying for installed package versions (no runtime IO)",
            "funding": [
                {
                    "url": "https://github.com/Ocramius",
                    "type": "github"
                },
                {
                    "url": "https://tidelift.com/funding/github/packagist/ocramius/package-versions",
                    "type": "tidelift"
                }
            ],
            "time": "2020-04-06T17:43:35+00:00"
        },
        {
            "name": "php-http/curl-client",
            "version": "2.1.0",
            "source": {
                "type": "git",
                "url": "https://github.com/php-http/curl-client.git",
                "reference": "9e79355af46d72e10da50be20b66f74b26143441"
            },
            "dist": {
                "type": "zip",
                "url": "https://api.github.com/repos/php-http/curl-client/zipball/9e79355af46d72e10da50be20b66f74b26143441",
                "reference": "9e79355af46d72e10da50be20b66f74b26143441",
                "shasum": ""
            },
            "require": {
                "ext-curl": "*",
                "php": "^7.1",
                "php-http/discovery": "^1.6",
                "php-http/httplug": "^2.0",
                "php-http/message": "^1.2",
                "psr/http-client": "^1.0",
                "psr/http-factory": "^1.0",
                "symfony/options-resolver": "^3.4 || ^4.0 || ^5.0"
            },
            "provide": {
                "php-http/async-client-implementation": "1.0",
                "php-http/client-implementation": "1.0",
                "psr/http-client-implementation": "1.0"
            },
            "require-dev": {
                "guzzlehttp/psr7": "^1.0",
                "php-http/client-integration-tests": "^2.0",
                "phpunit/phpunit": "^7.5",
                "zendframework/zend-diactoros": "^2.0"
            },
            "type": "library",
            "extra": {
                "branch-alias": {
                    "dev-master": "2.x-dev"
                }
            },
            "autoload": {
                "psr-4": {
                    "Http\\Client\\Curl\\": "src/"
                }
            },
            "notification-url": "https://packagist.org/downloads/",
            "license": [
                "MIT"
            ],
            "authors": [
                {
                    "name": "Михаил Красильников",
                    "email": "m.krasilnikov@yandex.ru"
                }
            ],
            "description": "PSR-18 and HTTPlug Async client with cURL",
            "homepage": "http://php-http.org",
            "keywords": [
                "curl",
                "http",
                "psr-18"
            ],
            "time": "2019-12-27T11:02:07+00:00"
        },
        {
            "name": "php-http/discovery",
            "version": "1.7.4",
            "source": {
                "type": "git",
                "url": "https://github.com/php-http/discovery.git",
                "reference": "82dbef649ccffd8e4f22e1953c3a5265992b83c0"
            },
            "dist": {
                "type": "zip",
                "url": "https://api.github.com/repos/php-http/discovery/zipball/82dbef649ccffd8e4f22e1953c3a5265992b83c0",
                "reference": "82dbef649ccffd8e4f22e1953c3a5265992b83c0",
                "shasum": ""
            },
            "require": {
                "php": "^7.1"
            },
            "conflict": {
                "nyholm/psr7": "<1.0"
            },
            "require-dev": {
                "akeneo/phpspec-skip-example-extension": "^4.0",
                "php-http/httplug": "^1.0 || ^2.0",
                "php-http/message-factory": "^1.0",
                "phpspec/phpspec": "^5.1",
                "puli/composer-plugin": "1.0.0-beta10"
            },
            "suggest": {
                "php-http/message": "Allow to use Guzzle, Diactoros or Slim Framework factories",
                "puli/composer-plugin": "Sets up Puli which is recommended for Discovery to work. Check http://docs.php-http.org/en/latest/discovery.html for more details."
            },
            "type": "library",
            "extra": {
                "branch-alias": {
                    "dev-master": "1.7-dev"
                }
            },
            "autoload": {
                "psr-4": {
                    "Http\\Discovery\\": "src/"
                }
            },
            "notification-url": "https://packagist.org/downloads/",
            "license": [
                "MIT"
            ],
            "authors": [
                {
                    "name": "Márk Sági-Kazár",
                    "email": "mark.sagikazar@gmail.com"
                }
            ],
            "description": "Finds installed HTTPlug implementations and PSR-7 message factories",
            "homepage": "http://php-http.org",
            "keywords": [
                "adapter",
                "client",
                "discovery",
                "factory",
                "http",
                "message",
                "psr7"
            ],
            "time": "2020-01-03T11:25:47+00:00"
        },
        {
            "name": "php-http/httplug",
            "version": "2.1.0",
            "source": {
                "type": "git",
                "url": "https://github.com/php-http/httplug.git",
                "reference": "72d2b129a48f0490d55b7f89be0d6aa0597ffb06"
            },
            "dist": {
                "type": "zip",
                "url": "https://api.github.com/repos/php-http/httplug/zipball/72d2b129a48f0490d55b7f89be0d6aa0597ffb06",
                "reference": "72d2b129a48f0490d55b7f89be0d6aa0597ffb06",
                "shasum": ""
            },
            "require": {
                "php": "^7.0",
                "php-http/promise": "^1.0",
                "psr/http-client": "^1.0",
                "psr/http-message": "^1.0"
            },
            "require-dev": {
                "friends-of-phpspec/phpspec-code-coverage": "^4.1",
                "phpspec/phpspec": "^4.3.4|^5.0|^6.0"
            },
            "type": "library",
            "extra": {
                "branch-alias": {
                    "dev-master": "2.x-dev"
                }
            },
            "autoload": {
                "psr-4": {
                    "Http\\Client\\": "src/"
                }
            },
            "notification-url": "https://packagist.org/downloads/",
            "license": [
                "MIT"
            ],
            "authors": [
                {
                    "name": "Eric GELOEN",
                    "email": "geloen.eric@gmail.com"
                },
                {
                    "name": "Márk Sági-Kazár",
                    "email": "mark.sagikazar@gmail.com"
                }
            ],
            "description": "HTTPlug, the HTTP client abstraction for PHP",
            "homepage": "http://httplug.io",
            "keywords": [
                "client",
                "http"
            ],
            "time": "2019-12-27T10:07:11+00:00"
        },
        {
            "name": "php-http/message",
            "version": "1.8.0",
            "source": {
                "type": "git",
                "url": "https://github.com/php-http/message.git",
                "reference": "ce8f43ac1e294b54aabf5808515c3554a19c1e1c"
            },
            "dist": {
                "type": "zip",
                "url": "https://api.github.com/repos/php-http/message/zipball/ce8f43ac1e294b54aabf5808515c3554a19c1e1c",
                "reference": "ce8f43ac1e294b54aabf5808515c3554a19c1e1c",
                "shasum": ""
            },
            "require": {
                "clue/stream-filter": "^1.4",
                "php": "^7.1",
                "php-http/message-factory": "^1.0.2",
                "psr/http-message": "^1.0"
            },
            "provide": {
                "php-http/message-factory-implementation": "1.0"
            },
            "require-dev": {
                "akeneo/phpspec-skip-example-extension": "^1.0",
                "coduo/phpspec-data-provider-extension": "^1.0",
                "ext-zlib": "*",
                "guzzlehttp/psr7": "^1.0",
                "henrikbjorn/phpspec-code-coverage": "^1.0",
                "phpspec/phpspec": "^2.4",
                "slim/slim": "^3.0",
                "zendframework/zend-diactoros": "^1.0"
            },
            "suggest": {
                "ext-zlib": "Used with compressor/decompressor streams",
                "guzzlehttp/psr7": "Used with Guzzle PSR-7 Factories",
                "slim/slim": "Used with Slim Framework PSR-7 implementation",
                "zendframework/zend-diactoros": "Used with Diactoros Factories"
            },
            "type": "library",
            "extra": {
                "branch-alias": {
                    "dev-master": "1.8-dev"
                }
            },
            "autoload": {
                "psr-4": {
                    "Http\\Message\\": "src/"
                },
                "files": [
                    "src/filters.php"
                ]
            },
            "notification-url": "https://packagist.org/downloads/",
            "license": [
                "MIT"
            ],
            "authors": [
                {
                    "name": "Márk Sági-Kazár",
                    "email": "mark.sagikazar@gmail.com"
                }
            ],
            "description": "HTTP Message related tools",
            "homepage": "http://php-http.org",
            "keywords": [
                "http",
                "message",
                "psr-7"
            ],
            "time": "2019-08-05T06:55:08+00:00"
        },
        {
            "name": "php-http/message-factory",
            "version": "v1.0.2",
            "source": {
                "type": "git",
                "url": "https://github.com/php-http/message-factory.git",
                "reference": "a478cb11f66a6ac48d8954216cfed9aa06a501a1"
            },
            "dist": {
                "type": "zip",
                "url": "https://api.github.com/repos/php-http/message-factory/zipball/a478cb11f66a6ac48d8954216cfed9aa06a501a1",
                "reference": "a478cb11f66a6ac48d8954216cfed9aa06a501a1",
                "shasum": ""
            },
            "require": {
                "php": ">=5.4",
                "psr/http-message": "^1.0"
            },
            "type": "library",
            "extra": {
                "branch-alias": {
                    "dev-master": "1.0-dev"
                }
            },
            "autoload": {
                "psr-4": {
                    "Http\\Message\\": "src/"
                }
            },
            "notification-url": "https://packagist.org/downloads/",
            "license": [
                "MIT"
            ],
            "authors": [
                {
                    "name": "Márk Sági-Kazár",
                    "email": "mark.sagikazar@gmail.com"
                }
            ],
            "description": "Factory interfaces for PSR-7 HTTP Message",
            "homepage": "http://php-http.org",
            "keywords": [
                "factory",
                "http",
                "message",
                "stream",
                "uri"
            ],
            "time": "2015-12-19T14:08:53+00:00"
        },
        {
            "name": "php-http/promise",
            "version": "v1.0.0",
            "source": {
                "type": "git",
                "url": "https://github.com/php-http/promise.git",
                "reference": "dc494cdc9d7160b9a09bd5573272195242ce7980"
            },
            "dist": {
                "type": "zip",
                "url": "https://api.github.com/repos/php-http/promise/zipball/dc494cdc9d7160b9a09bd5573272195242ce7980",
                "reference": "dc494cdc9d7160b9a09bd5573272195242ce7980",
                "shasum": ""
            },
            "require-dev": {
                "henrikbjorn/phpspec-code-coverage": "^1.0",
                "phpspec/phpspec": "^2.4"
            },
            "type": "library",
            "extra": {
                "branch-alias": {
                    "dev-master": "1.1-dev"
                }
            },
            "autoload": {
                "psr-4": {
                    "Http\\Promise\\": "src/"
                }
            },
            "notification-url": "https://packagist.org/downloads/",
            "license": [
                "MIT"
            ],
            "authors": [
                {
                    "name": "Márk Sági-Kazár",
                    "email": "mark.sagikazar@gmail.com"
                },
                {
                    "name": "Joel Wurtz",
                    "email": "joel.wurtz@gmail.com"
                }
            ],
            "description": "Promise used for asynchronous HTTP requests",
            "homepage": "http://httplug.io",
            "keywords": [
                "promise"
            ],
            "time": "2016-01-26T13:27:02+00:00"
        },
        {
            "name": "psr/container",
            "version": "1.0.0",
            "source": {
                "type": "git",
                "url": "https://github.com/php-fig/container.git",
                "reference": "b7ce3b176482dbbc1245ebf52b181af44c2cf55f"
            },
            "dist": {
                "type": "zip",
                "url": "https://api.github.com/repos/php-fig/container/zipball/b7ce3b176482dbbc1245ebf52b181af44c2cf55f",
                "reference": "b7ce3b176482dbbc1245ebf52b181af44c2cf55f",
                "shasum": ""
            },
            "require": {
                "php": ">=5.3.0"
            },
            "type": "library",
            "extra": {
                "branch-alias": {
                    "dev-master": "1.0.x-dev"
                }
            },
            "autoload": {
                "psr-4": {
                    "Psr\\Container\\": "src/"
                }
            },
            "notification-url": "https://packagist.org/downloads/",
            "license": [
                "MIT"
            ],
            "authors": [
                {
                    "name": "PHP-FIG",
                    "homepage": "http://www.php-fig.org/"
                }
            ],
            "description": "Common Container Interface (PHP FIG PSR-11)",
            "homepage": "https://github.com/php-fig/container",
            "keywords": [
                "PSR-11",
                "container",
                "container-interface",
                "container-interop",
                "psr"
            ],
            "time": "2017-02-14T16:28:37+00:00"
        },
        {
            "name": "psr/http-client",
            "version": "1.0.0",
            "source": {
                "type": "git",
                "url": "https://github.com/php-fig/http-client.git",
                "reference": "496a823ef742b632934724bf769560c2a5c7c44e"
            },
            "dist": {
                "type": "zip",
                "url": "https://api.github.com/repos/php-fig/http-client/zipball/496a823ef742b632934724bf769560c2a5c7c44e",
                "reference": "496a823ef742b632934724bf769560c2a5c7c44e",
                "shasum": ""
            },
            "require": {
                "php": "^7.0",
                "psr/http-message": "^1.0"
            },
            "type": "library",
            "extra": {
                "branch-alias": {
                    "dev-master": "1.0.x-dev"
                }
            },
            "autoload": {
                "psr-4": {
                    "Psr\\Http\\Client\\": "src/"
                }
            },
            "notification-url": "https://packagist.org/downloads/",
            "license": [
                "MIT"
            ],
            "authors": [
                {
                    "name": "PHP-FIG",
                    "homepage": "http://www.php-fig.org/"
                }
            ],
            "description": "Common interface for HTTP clients",
            "homepage": "https://github.com/php-fig/http-client",
            "keywords": [
                "http",
                "http-client",
                "psr",
                "psr-18"
            ],
            "time": "2018-10-30T23:29:13+00:00"
        },
        {
            "name": "psr/http-factory",
            "version": "1.0.1",
            "source": {
                "type": "git",
                "url": "https://github.com/php-fig/http-factory.git",
                "reference": "12ac7fcd07e5b077433f5f2bee95b3a771bf61be"
            },
            "dist": {
                "type": "zip",
                "url": "https://api.github.com/repos/php-fig/http-factory/zipball/12ac7fcd07e5b077433f5f2bee95b3a771bf61be",
                "reference": "12ac7fcd07e5b077433f5f2bee95b3a771bf61be",
                "shasum": ""
            },
            "require": {
                "php": ">=7.0.0",
                "psr/http-message": "^1.0"
            },
            "type": "library",
            "extra": {
                "branch-alias": {
                    "dev-master": "1.0.x-dev"
                }
            },
            "autoload": {
                "psr-4": {
                    "Psr\\Http\\Message\\": "src/"
                }
            },
            "notification-url": "https://packagist.org/downloads/",
            "license": [
                "MIT"
            ],
            "authors": [
                {
                    "name": "PHP-FIG",
                    "homepage": "http://www.php-fig.org/"
                }
            ],
            "description": "Common interfaces for PSR-7 HTTP message factories",
            "keywords": [
                "factory",
                "http",
                "message",
                "psr",
                "psr-17",
                "psr-7",
                "request",
                "response"
            ],
            "time": "2019-04-30T12:38:16+00:00"
        },
        {
            "name": "psr/http-message",
            "version": "1.0.1",
            "source": {
                "type": "git",
                "url": "https://github.com/php-fig/http-message.git",
                "reference": "f6561bf28d520154e4b0ec72be95418abe6d9363"
            },
            "dist": {
                "type": "zip",
                "url": "https://api.github.com/repos/php-fig/http-message/zipball/f6561bf28d520154e4b0ec72be95418abe6d9363",
                "reference": "f6561bf28d520154e4b0ec72be95418abe6d9363",
                "shasum": ""
            },
            "require": {
                "php": ">=5.3.0"
            },
            "type": "library",
            "extra": {
                "branch-alias": {
                    "dev-master": "1.0.x-dev"
                }
            },
            "autoload": {
                "psr-4": {
                    "Psr\\Http\\Message\\": "src/"
                }
            },
            "notification-url": "https://packagist.org/downloads/",
            "license": [
                "MIT"
            ],
            "authors": [
                {
                    "name": "PHP-FIG",
                    "homepage": "http://www.php-fig.org/"
                }
            ],
            "description": "Common interface for HTTP messages",
            "homepage": "https://github.com/php-fig/http-message",
            "keywords": [
                "http",
                "http-message",
                "psr",
                "psr-7",
                "request",
                "response"
            ],
            "time": "2016-08-06T14:39:51+00:00"
        },
        {
            "name": "symfony/console",
            "version": "v4.4.8",
            "source": {
                "type": "git",
                "url": "https://github.com/symfony/console.git",
                "reference": "10bb3ee3c97308869d53b3e3d03f6ac23ff985f7"
            },
            "dist": {
                "type": "zip",
                "url": "https://api.github.com/repos/symfony/console/zipball/10bb3ee3c97308869d53b3e3d03f6ac23ff985f7",
                "reference": "10bb3ee3c97308869d53b3e3d03f6ac23ff985f7",
                "shasum": ""
            },
            "require": {
                "php": "^7.1.3",
                "symfony/polyfill-mbstring": "~1.0",
                "symfony/polyfill-php73": "^1.8",
                "symfony/service-contracts": "^1.1|^2"
            },
            "conflict": {
                "symfony/dependency-injection": "<3.4",
                "symfony/event-dispatcher": "<4.3|>=5",
                "symfony/lock": "<4.4",
                "symfony/process": "<3.3"
            },
            "provide": {
                "psr/log-implementation": "1.0"
            },
            "require-dev": {
                "psr/log": "~1.0",
                "symfony/config": "^3.4|^4.0|^5.0",
                "symfony/dependency-injection": "^3.4|^4.0|^5.0",
                "symfony/event-dispatcher": "^4.3",
                "symfony/lock": "^4.4|^5.0",
                "symfony/process": "^3.4|^4.0|^5.0",
                "symfony/var-dumper": "^4.3|^5.0"
            },
            "suggest": {
                "psr/log": "For using the console logger",
                "symfony/event-dispatcher": "",
                "symfony/lock": "",
                "symfony/process": ""
            },
            "type": "library",
            "extra": {
                "branch-alias": {
                    "dev-master": "4.4-dev"
                }
            },
            "autoload": {
                "psr-4": {
                    "Symfony\\Component\\Console\\": ""
                },
                "exclude-from-classmap": [
                    "/Tests/"
                ]
            },
            "notification-url": "https://packagist.org/downloads/",
            "license": [
                "MIT"
            ],
            "authors": [
                {
                    "name": "Fabien Potencier",
                    "email": "fabien@symfony.com"
                },
                {
                    "name": "Symfony Community",
                    "homepage": "https://symfony.com/contributors"
                }
            ],
            "description": "Symfony Console Component",
            "homepage": "https://symfony.com",
            "funding": [
                {
                    "url": "https://symfony.com/sponsor",
                    "type": "custom"
                },
                {
                    "url": "https://github.com/fabpot",
                    "type": "github"
                },
                {
                    "url": "https://tidelift.com/funding/github/packagist/symfony/symfony",
                    "type": "tidelift"
                }
            ],
            "time": "2020-03-30T11:41:10+00:00"
        },
        {
            "name": "symfony/options-resolver",
            "version": "v5.0.8",
            "source": {
                "type": "git",
                "url": "https://github.com/symfony/options-resolver.git",
                "reference": "3707e3caeff2b797c0bfaadd5eba723dd44e6bf1"
            },
            "dist": {
                "type": "zip",
                "url": "https://api.github.com/repos/symfony/options-resolver/zipball/3707e3caeff2b797c0bfaadd5eba723dd44e6bf1",
                "reference": "3707e3caeff2b797c0bfaadd5eba723dd44e6bf1",
                "shasum": ""
            },
            "require": {
                "php": "^7.2.5"
            },
            "type": "library",
            "extra": {
                "branch-alias": {
                    "dev-master": "5.0-dev"
                }
            },
            "autoload": {
                "psr-4": {
                    "Symfony\\Component\\OptionsResolver\\": ""
                },
                "exclude-from-classmap": [
                    "/Tests/"
                ]
            },
            "notification-url": "https://packagist.org/downloads/",
            "license": [
                "MIT"
            ],
            "authors": [
                {
                    "name": "Fabien Potencier",
                    "email": "fabien@symfony.com"
                },
                {
                    "name": "Symfony Community",
                    "homepage": "https://symfony.com/contributors"
                }
            ],
            "description": "Symfony OptionsResolver Component",
            "homepage": "https://symfony.com",
            "keywords": [
                "config",
                "configuration",
                "options"
            ],
            "funding": [
                {
                    "url": "https://symfony.com/sponsor",
                    "type": "custom"
                },
                {
                    "url": "https://github.com/fabpot",
                    "type": "github"
                },
                {
                    "url": "https://tidelift.com/funding/github/packagist/symfony/symfony",
                    "type": "tidelift"
                }
            ],
            "time": "2020-04-06T10:40:56+00:00"
        },
        {
            "name": "symfony/polyfill-mbstring",
            "version": "v1.17.0",
            "source": {
                "type": "git",
                "url": "https://github.com/symfony/polyfill-mbstring.git",
                "reference": "fa79b11539418b02fc5e1897267673ba2c19419c"
            },
            "dist": {
                "type": "zip",
                "url": "https://api.github.com/repos/symfony/polyfill-mbstring/zipball/fa79b11539418b02fc5e1897267673ba2c19419c",
                "reference": "fa79b11539418b02fc5e1897267673ba2c19419c",
                "shasum": ""
            },
            "require": {
                "php": ">=5.3.3"
            },
            "suggest": {
                "ext-mbstring": "For best performance"
            },
            "type": "library",
            "extra": {
                "branch-alias": {
                    "dev-master": "1.17-dev"
                }
            },
            "autoload": {
                "psr-4": {
                    "Symfony\\Polyfill\\Mbstring\\": ""
                },
                "files": [
                    "bootstrap.php"
                ]
            },
            "notification-url": "https://packagist.org/downloads/",
            "license": [
                "MIT"
            ],
            "authors": [
                {
                    "name": "Nicolas Grekas",
                    "email": "p@tchwork.com"
                },
                {
                    "name": "Symfony Community",
                    "homepage": "https://symfony.com/contributors"
                }
            ],
            "description": "Symfony polyfill for the Mbstring extension",
            "homepage": "https://symfony.com",
            "keywords": [
                "compatibility",
                "mbstring",
                "polyfill",
                "portable",
                "shim"
            ],
            "funding": [
                {
                    "url": "https://symfony.com/sponsor",
                    "type": "custom"
                },
                {
                    "url": "https://github.com/fabpot",
                    "type": "github"
                },
                {
                    "url": "https://tidelift.com/funding/github/packagist/symfony/symfony",
                    "type": "tidelift"
                }
            ],
            "time": "2020-05-12T16:47:27+00:00"
        },
        {
            "name": "symfony/polyfill-php73",
            "version": "v1.17.0",
            "source": {
                "type": "git",
                "url": "https://github.com/symfony/polyfill-php73.git",
                "reference": "a760d8964ff79ab9bf057613a5808284ec852ccc"
            },
            "dist": {
                "type": "zip",
                "url": "https://api.github.com/repos/symfony/polyfill-php73/zipball/a760d8964ff79ab9bf057613a5808284ec852ccc",
                "reference": "a760d8964ff79ab9bf057613a5808284ec852ccc",
                "shasum": ""
            },
            "require": {
                "php": ">=5.3.3"
            },
            "type": "library",
            "extra": {
                "branch-alias": {
                    "dev-master": "1.17-dev"
                }
            },
            "autoload": {
                "psr-4": {
                    "Symfony\\Polyfill\\Php73\\": ""
                },
                "files": [
                    "bootstrap.php"
                ],
                "classmap": [
                    "Resources/stubs"
                ]
            },
            "notification-url": "https://packagist.org/downloads/",
            "license": [
                "MIT"
            ],
            "authors": [
                {
                    "name": "Nicolas Grekas",
                    "email": "p@tchwork.com"
                },
                {
                    "name": "Symfony Community",
                    "homepage": "https://symfony.com/contributors"
                }
            ],
            "description": "Symfony polyfill backporting some PHP 7.3+ features to lower PHP versions",
            "homepage": "https://symfony.com",
            "keywords": [
                "compatibility",
                "polyfill",
                "portable",
                "shim"
            ],
            "funding": [
                {
                    "url": "https://symfony.com/sponsor",
                    "type": "custom"
                },
                {
                    "url": "https://github.com/fabpot",
                    "type": "github"
                },
                {
                    "url": "https://tidelift.com/funding/github/packagist/symfony/symfony",
                    "type": "tidelift"
                }
            ],
            "time": "2020-05-12T16:47:27+00:00"
        },
        {
            "name": "symfony/service-contracts",
            "version": "v2.0.1",
            "source": {
                "type": "git",
                "url": "https://github.com/symfony/service-contracts.git",
                "reference": "144c5e51266b281231e947b51223ba14acf1a749"
            },
            "dist": {
                "type": "zip",
                "url": "https://api.github.com/repos/symfony/service-contracts/zipball/144c5e51266b281231e947b51223ba14acf1a749",
                "reference": "144c5e51266b281231e947b51223ba14acf1a749",
                "shasum": ""
            },
            "require": {
                "php": "^7.2.5",
                "psr/container": "^1.0"
            },
            "suggest": {
                "symfony/service-implementation": ""
            },
            "type": "library",
            "extra": {
                "branch-alias": {
                    "dev-master": "2.0-dev"
                }
            },
            "autoload": {
                "psr-4": {
                    "Symfony\\Contracts\\Service\\": ""
                }
            },
            "notification-url": "https://packagist.org/downloads/",
            "license": [
                "MIT"
            ],
            "authors": [
                {
                    "name": "Nicolas Grekas",
                    "email": "p@tchwork.com"
                },
                {
                    "name": "Symfony Community",
                    "homepage": "https://symfony.com/contributors"
                }
            ],
            "description": "Generic abstractions related to writing services",
            "homepage": "https://symfony.com",
            "keywords": [
                "abstractions",
                "contracts",
                "decoupling",
                "interfaces",
                "interoperability",
                "standards"
            ],
            "time": "2019-11-18T17:27:11+00:00"
        },
        {
            "name": "zendframework/zend-diactoros",
            "version": "2.2.1",
            "source": {
                "type": "git",
                "url": "https://github.com/zendframework/zend-diactoros.git",
                "reference": "de5847b068362a88684a55b0dbb40d85986cfa52"
            },
            "dist": {
                "type": "zip",
                "url": "https://api.github.com/repos/zendframework/zend-diactoros/zipball/de5847b068362a88684a55b0dbb40d85986cfa52",
                "reference": "de5847b068362a88684a55b0dbb40d85986cfa52",
                "shasum": ""
            },
            "require": {
                "php": "^7.1",
                "psr/http-factory": "^1.0",
                "psr/http-message": "^1.0"
            },
            "provide": {
                "psr/http-factory-implementation": "1.0",
                "psr/http-message-implementation": "1.0"
            },
            "require-dev": {
                "ext-curl": "*",
                "ext-dom": "*",
                "ext-libxml": "*",
                "http-interop/http-factory-tests": "^0.5.0",
                "php-http/psr7-integration-tests": "dev-master",
                "phpunit/phpunit": "^7.0.2",
                "zendframework/zend-coding-standard": "~1.0.0"
            },
            "type": "library",
            "extra": {
                "branch-alias": {
                    "dev-master": "2.1.x-dev",
                    "dev-develop": "2.2.x-dev",
                    "dev-release-1.8": "1.8.x-dev"
                }
            },
            "autoload": {
                "files": [
                    "src/functions/create_uploaded_file.php",
                    "src/functions/marshal_headers_from_sapi.php",
                    "src/functions/marshal_method_from_sapi.php",
                    "src/functions/marshal_protocol_version_from_sapi.php",
                    "src/functions/marshal_uri_from_sapi.php",
                    "src/functions/normalize_server.php",
                    "src/functions/normalize_uploaded_files.php",
                    "src/functions/parse_cookie_header.php"
                ],
                "psr-4": {
                    "Zend\\Diactoros\\": "src/"
                }
            },
            "notification-url": "https://packagist.org/downloads/",
            "license": [
                "BSD-3-Clause"
            ],
            "description": "PSR HTTP Message implementations",
            "keywords": [
                "http",
                "psr",
                "psr-7"
            ],
            "abandoned": "laminas/laminas-diactoros",
            "time": "2019-11-13T19:16:13+00:00"
        }
    ],
    "packages-dev": [],
    "aliases": [],
    "minimum-stability": "stable",
    "stability-flags": [],
    "prefer-stable": false,
    "prefer-lowest": false,
    "platform": {
        "php": "^7.4"
    },
    "platform-dev": [],
    "platform-overrides": {
        "php": "7.4"
    },
    "plugin-api-version": "1.1.0"
}
